
Microsoft Visual Studio Solution File, Format Version 12.00
# Visual Studio Version 17
VisualStudioVersion = 17.2.32526.322
MinimumVisualStudioVersion = 10.0.40219.1
Project("{FAE04EC0-301F-11D3-BF4B-00C04F79EFBC}") = "Tabel", "Tabel\Tabel.csproj", "{0E2B928E-AFEA-4629-92AB-9D80DFFF0B11}"
EndProject
Project("{FAE04EC0-301F-11D3-BF4B-00C04F79EFBC}") = "TabelTests", "TabelTests\TabelTests.csproj", "{9F7E3C3E-C646-4865-9AB4-A095286476FE}"
EndProject
Global
	GlobalSection(SolutionConfigurationPlatforms) = preSolution
		Debug|Any CPU = Debug|Any CPU
		Release|Any CPU = Release|Any CPU
		ReleaseDemo|Any CPU = ReleaseDemo|Any CPU
	EndGlobalSection
	GlobalSection(ProjectConfigurationPlatforms) = postSolution
		{0E2B928E-AFEA-4629-92AB-9D80DFFF0B11}.Debug|Any CPU.ActiveCfg = Debug|Any CPU
		{0E2B928E-AFEA-4629-92AB-9D80DFFF0B11}.Debug|Any CPU.Build.0 = Debug|Any CPU
		{0E2B928E-AFEA-4629-92AB-9D80DFFF0B11}.Release|Any CPU.ActiveCfg = Release|Any CPU
		{0E2B928E-AFEA-4629-92AB-9D80DFFF0B11}.Release|Any CPU.Build.0 = Release|Any CPU
		{0E2B928E-AFEA-4629-92AB-9D80DFFF0B11}.ReleaseDemo|Any CPU.ActiveCfg = ReleaseDemo|Any CPU
		{0E2B928E-AFEA-4629-92AB-9D80DFFF0B11}.ReleaseDemo|Any CPU.Build.0 = ReleaseDemo|Any CPU
		{9F7E3C3E-C646-4865-9AB4-A095286476FE}.Debug|Any CPU.ActiveCfg = Debug|Any CPU
		{9F7E3C3E-C646-4865-9AB4-A095286476FE}.Debug|Any CPU.Build.0 = Debug|Any CPU
		{9F7E3C3E-C646-4865-9AB4-A095286476FE}.Release|Any CPU.ActiveCfg = Release|Any CPU
		{9F7E3C3E-C646-4865-9AB4-A095286476FE}.Release|Any CPU.Build.0 = Release|Any CPU
		{9F7E3C3E-C646-4865-9AB4-A095286476FE}.ReleaseDemo|Any CPU.ActiveCfg = Release|Any CPU
		{9F7E3C3E-C646-4865-9AB4-A095286476FE}.ReleaseDemo|Any CPU.Build.0 = Release|Any CPU
	EndGlobalSection
	GlobalSection(SolutionProperties) = preSolution
		HideSolutionNode = FALSE
	EndGlobalSection
	GlobalSection(ExtensibilityGlobals) = postSolution
		SolutionGuid = {887973E5-EBD6-44F0-A16B-57F73CD0DB2A}
	EndGlobalSection
EndGlobal
